
Microsoft Visual Studio Solution File, Format Version 12.00
# Visual Studio 15
VisualStudioVersion = 15.0.26124.0
MinimumVisualStudioVersion = 15.0.26124.0
Project("{FAE04EC0-301F-11D3-BF4B-00C04F79EFBC}") = "Shared", "Shared\Shared.csproj", "{16F612D1-6CA0-4524-B4A8-99D648BFB2CA}"
EndProject
Project("{FAE04EC0-301F-11D3-BF4B-00C04F79EFBC}") = "Transactions.api", "Transactions.api\Transactions.api.csproj", "{7A0A16F9-1927-49B1-B6A8-EBFB448C7AB8}"
EndProject
Project("{FAE04EC0-301F-11D3-BF4B-00C04F79EFBC}") = "Transactions.consumer", "Transactions.consumer\Transactions.consumer.csproj", "{D072A13D-77F7-4D7C-8FF9-073679E58BB3}"
EndProject
Project("{FAE04EC0-301F-11D3-BF4B-00C04F79EFBC}") = "Transactions.DB", "Transactions.DB\Transactions.DB.csproj", "{B7C52A53-D81D-4561-A759-C58628946A40}"
EndProject
Project("{FAE04EC0-301F-11D3-BF4B-00C04F79EFBC}") = "Users.api", "Users.api\Users.api.csproj", "{AE28D589-D8D1-4E12-9809-14BFE06ECC46}"
EndProject
Project("{FAE04EC0-301F-11D3-BF4B-00C04F79EFBC}") = "Users.DB", "Users.DB\Users.DB.csproj", "{183690C5-DA06-4F91-8689-9F8A91BB3B4B}"
EndProject
Project("{2150E333-8FDC-42A3-9474-1A3956D46DE8}") = "Users", "Users", "{009EAB00-4C17-11EC-B078-F55B44960AE0}"
EndProject
Project("{2150E333-8FDC-42A3-9474-1A3956D46DE8}") = "Transactions", "Transactions", "{0509F460-4C17-11EC-B078-F55B44960AE0}"
EndProject
Project("{FAE04EC0-301F-11D3-BF4B-00C04F79EFBC}") = "Users.events", "Users.event\Users.events.csproj", "{C74340A2-3B6A-4601-96DA-8A797F900E14}"
EndProject
Global
	GlobalSection(SolutionConfigurationPlatforms) = preSolution
		Debug|Any CPU = Debug|Any CPU
		Debug|x64 = Debug|x64
		Debug|x86 = Debug|x86
		Release|Any CPU = Release|Any CPU
		Release|x64 = Release|x64
		Release|x86 = Release|x86
	EndGlobalSection
	GlobalSection(SolutionProperties) = preSolution
		HideSolutionNode = FALSE
	EndGlobalSection
	GlobalSection(ProjectConfigurationPlatforms) = postSolution
		{16F612D1-6CA0-4524-B4A8-99D648BFB2CA}.Debug|Any CPU.ActiveCfg = Debug|Any CPU
		{16F612D1-6CA0-4524-B4A8-99D648BFB2CA}.Debug|Any CPU.Build.0 = Debug|Any CPU
		{16F612D1-6CA0-4524-B4A8-99D648BFB2CA}.Debug|x64.ActiveCfg = Debug|Any CPU
		{16F612D1-6CA0-4524-B4A8-99D648BFB2CA}.Debug|x64.Build.0 = Debug|Any CPU
		{16F612D1-6CA0-4524-B4A8-99D648BFB2CA}.Debug|x86.ActiveCfg = Debug|Any CPU
		{16F612D1-6CA0-4524-B4A8-99D648BFB2CA}.Debug|x86.Build.0 = Debug|Any CPU
		{16F612D1-6CA0-4524-B4A8-99D648BFB2CA}.Release|Any CPU.ActiveCfg = Release|Any CPU
		{16F612D1-6CA0-4524-B4A8-99D648BFB2CA}.Release|Any CPU.Build.0 = Release|Any CPU
		{16F612D1-6CA0-4524-B4A8-99D648BFB2CA}.Release|x64.ActiveCfg = Release|Any CPU
		{16F612D1-6CA0-4524-B4A8-99D648BFB2CA}.Release|x64.Build.0 = Release|Any CPU
		{16F612D1-6CA0-4524-B4A8-99D648BFB2CA}.Release|x86.ActiveCfg = Release|Any CPU
		{16F612D1-6CA0-4524-B4A8-99D648BFB2CA}.Release|x86.Build.0 = Release|Any CPU
		{7A0A16F9-1927-49B1-B6A8-EBFB448C7AB8}.Debug|Any CPU.ActiveCfg = Debug|Any CPU
		{7A0A16F9-1927-49B1-B6A8-EBFB448C7AB8}.Debug|Any CPU.Build.0 = Debug|Any CPU
		{7A0A16F9-1927-49B1-B6A8-EBFB448C7AB8}.Debug|x64.ActiveCfg = Debug|Any CPU
		{7A0A16F9-1927-49B1-B6A8-EBFB448C7AB8}.Debug|x64.Build.0 = Debug|Any CPU
		{7A0A16F9-1927-49B1-B6A8-EBFB448C7AB8}.Debug|x86.ActiveCfg = Debug|Any CPU
		{7A0A16F9-1927-49B1-B6A8-EBFB448C7AB8}.Debug|x86.Build.0 = Debug|Any CPU
		{7A0A16F9-1927-49B1-B6A8-EBFB448C7AB8}.Release|Any CPU.ActiveCfg = Release|Any CPU
		{7A0A16F9-1927-49B1-B6A8-EBFB448C7AB8}.Release|Any CPU.Build.0 = Release|Any CPU
		{7A0A16F9-1927-49B1-B6A8-EBFB448C7AB8}.Release|x64.ActiveCfg = Release|Any CPU
		{7A0A16F9-1927-49B1-B6A8-EBFB448C7AB8}.Release|x64.Build.0 = Release|Any CPU
		{7A0A16F9-1927-49B1-B6A8-EBFB448C7AB8}.Release|x86.ActiveCfg = Release|Any CPU
		{7A0A16F9-1927-49B1-B6A8-EBFB448C7AB8}.Release|x86.Build.0 = Release|Any CPU
		{D072A13D-77F7-4D7C-8FF9-073679E58BB3}.Debug|Any CPU.ActiveCfg = Debug|Any CPU
		{D072A13D-77F7-4D7C-8FF9-073679E58BB3}.Debug|Any CPU.Build.0 = Debug|Any CPU
		{D072A13D-77F7-4D7C-8FF9-073679E58BB3}.Debug|x64.ActiveCfg = Debug|Any CPU
		{D072A13D-77F7-4D7C-8FF9-073679E58BB3}.Debug|x64.Build.0 = Debug|Any CPU
		{D072A13D-77F7-4D7C-8FF9-073679E58BB3}.Debug|x86.ActiveCfg = Debug|Any CPU
		{D072A13D-77F7-4D7C-8FF9-073679E58BB3}.Debug|x86.Build.0 = Debug|Any CPU
		{D072A13D-77F7-4D7C-8FF9-073679E58BB3}.Release|Any CPU.ActiveCfg = Release|Any CPU
		{D072A13D-77F7-4D7C-8FF9-073679E58BB3}.Release|Any CPU.Build.0 = Release|Any CPU
		{D072A13D-77F7-4D7C-8FF9-073679E58BB3}.Release|x64.ActiveCfg = Release|Any CPU
		{D072A13D-77F7-4D7C-8FF9-073679E58BB3}.Release|x64.Build.0 = Release|Any CPU
		{D072A13D-77F7-4D7C-8FF9-073679E58BB3}.Release|x86.ActiveCfg = Release|Any CPU
		{D072A13D-77F7-4D7C-8FF9-073679E58BB3}.Release|x86.Build.0 = Release|Any CPU
		{B7C52A53-D81D-4561-A759-C58628946A40}.Debug|Any CPU.ActiveCfg = Debug|Any CPU
		{B7C52A53-D81D-4561-A759-C58628946A40}.Debug|Any CPU.Build.0 = Debug|Any CPU
		{B7C52A53-D81D-4561-A759-C58628946A40}.Debug|x64.ActiveCfg = Debug|Any CPU
		{B7C52A53-D81D-4561-A759-C58628946A40}.Debug|x64.Build.0 = Debug|Any CPU
		{B7C52A53-D81D-4561-A759-C58628946A40}.Debug|x86.ActiveCfg = Debug|Any CPU
		{B7C52A53-D81D-4561-A759-C58628946A40}.Debug|x86.Build.0 = Debug|Any CPU
		{B7C52A53-D81D-4561-A759-C58628946A40}.Release|Any CPU.ActiveCfg = Release|Any CPU
		{B7C52A53-D81D-4561-A759-C58628946A40}.Release|Any CPU.Build.0 = Release|Any CPU
		{B7C52A53-D81D-4561-A759-C58628946A40}.Release|x64.ActiveCfg = Release|Any CPU
		{B7C52A53-D81D-4561-A759-C58628946A40}.Release|x64.Build.0 = Release|Any CPU
		{B7C52A53-D81D-4561-A759-C58628946A40}.Release|x86.ActiveCfg = Release|Any CPU
		{B7C52A53-D81D-4561-A759-C58628946A40}.Release|x86.Build.0 = Release|Any CPU
		{AE28D589-D8D1-4E12-9809-14BFE06ECC46}.Debug|Any CPU.ActiveCfg = Debug|Any CPU
		{AE28D589-D8D1-4E12-9809-14BFE06ECC46}.Debug|Any CPU.Build.0 = Debug|Any CPU
		{AE28D589-D8D1-4E12-9809-14BFE06ECC46}.Debug|x64.ActiveCfg = Debug|Any CPU
		{AE28D589-D8D1-4E12-9809-14BFE06ECC46}.Debug|x64.Build.0 = Debug|Any CPU
		{AE28D589-D8D1-4E12-9809-14BFE06ECC46}.Debug|x86.ActiveCfg = Debug|Any CPU
		{AE28D589-D8D1-4E12-9809-14BFE06ECC46}.Debug|x86.Build.0 = Debug|Any CPU
		{AE28D589-D8D1-4E12-9809-14BFE06ECC46}.Release|Any CPU.ActiveCfg = Release|Any CPU
		{AE28D589-D8D1-4E12-9809-14BFE06ECC46}.Release|Any CPU.Build.0 = Release|Any CPU
		{AE28D589-D8D1-4E12-9809-14BFE06ECC46}.Release|x64.ActiveCfg = Release|Any CPU
		{AE28D589-D8D1-4E12-9809-14BFE06ECC46}.Release|x64.Build.0 = Release|Any CPU
		{AE28D589-D8D1-4E12-9809-14BFE06ECC46}.Release|x86.ActiveCfg = Release|Any CPU
		{AE28D589-D8D1-4E12-9809-14BFE06ECC46}.Release|x86.Build.0 = Release|Any CPU
		{183690C5-DA06-4F91-8689-9F8A91BB3B4B}.Debug|Any CPU.ActiveCfg = Debug|Any CPU
		{183690C5-DA06-4F91-8689-9F8A91BB3B4B}.Debug|Any CPU.Build.0 = Debug|Any CPU
		{183690C5-DA06-4F91-8689-9F8A91BB3B4B}.Debug|x64.ActiveCfg = Debug|Any CPU
		{183690C5-DA06-4F91-8689-9F8A91BB3B4B}.Debug|x64.Build.0 = Debug|Any CPU
		{183690C5-DA06-4F91-8689-9F8A91BB3B4B}.Debug|x86.ActiveCfg = Debug|Any CPU
		{183690C5-DA06-4F91-8689-9F8A91BB3B4B}.Debug|x86.Build.0 = Debug|Any CPU
		{183690C5-DA06-4F91-8689-9F8A91BB3B4B}.Release|Any CPU.ActiveCfg = Release|Any CPU
		{183690C5-DA06-4F91-8689-9F8A91BB3B4B}.Release|Any CPU.Build.0 = Release|Any CPU
		{183690C5-DA06-4F91-8689-9F8A91BB3B4B}.Release|x64.ActiveCfg = Release|Any CPU
		{183690C5-DA06-4F91-8689-9F8A91BB3B4B}.Release|x64.Build.0 = Release|Any CPU
		{183690C5-DA06-4F91-8689-9F8A91BB3B4B}.Release|x86.ActiveCfg = Release|Any CPU
		{183690C5-DA06-4F91-8689-9F8A91BB3B4B}.Release|x86.Build.0 = Release|Any CPU
		{C74340A2-3B6A-4601-96DA-8A797F900E14}.Debug|Any CPU.ActiveCfg = Debug|Any CPU
		{C74340A2-3B6A-4601-96DA-8A797F900E14}.Debug|Any CPU.Build.0 = Debug|Any CPU
		{C74340A2-3B6A-4601-96DA-8A797F900E14}.Debug|x64.ActiveCfg = Debug|Any CPU
		{C74340A2-3B6A-4601-96DA-8A797F900E14}.Debug|x64.Build.0 = Debug|Any CPU
		{C74340A2-3B6A-4601-96DA-8A797F900E14}.Debug|x86.ActiveCfg = Debug|Any CPU
		{C74340A2-3B6A-4601-96DA-8A797F900E14}.Debug|x86.Build.0 = Debug|Any CPU
		{C74340A2-3B6A-4601-96DA-8A797F900E14}.Release|Any CPU.ActiveCfg = Release|Any CPU
		{C74340A2-3B6A-4601-96DA-8A797F900E14}.Release|Any CPU.Build.0 = Release|Any CPU
		{C74340A2-3B6A-4601-96DA-8A797F900E14}.Release|x64.ActiveCfg = Release|Any CPU
		{C74340A2-3B6A-4601-96DA-8A797F900E14}.Release|x64.Build.0 = Release|Any CPU
		{C74340A2-3B6A-4601-96DA-8A797F900E14}.Release|x86.ActiveCfg = Release|Any CPU
		{C74340A2-3B6A-4601-96DA-8A797F900E14}.Release|x86.Build.0 = Release|Any CPU
	EndGlobalSection
	GlobalSection(NestedProjects) = preSolution
		{C74340A2-3B6A-4601-96DA-8A797F900E14} = {009EAB00-4C17-11EC-B078-F55B44960AE0}
		{183690C5-DA06-4F91-8689-9F8A91BB3B4B} = {009EAB00-4C17-11EC-B078-F55B44960AE0}
		{AE28D589-D8D1-4E12-9809-14BFE06ECC46} = {009EAB00-4C17-11EC-B078-F55B44960AE0}
		{B7C52A53-D81D-4561-A759-C58628946A40} = {0509F460-4C17-11EC-B078-F55B44960AE0}
		{D072A13D-77F7-4D7C-8FF9-073679E58BB3} = {0509F460-4C17-11EC-B078-F55B44960AE0}
		{7A0A16F9-1927-49B1-B6A8-EBFB448C7AB8} = {0509F460-4C17-11EC-B078-F55B44960AE0}
	EndGlobalSection
EndGlobal
