
Microsoft Visual Studio Solution File, Format Version 12.00
# Visual Studio 15
VisualStudioVersion = 15.0.26124.0
MinimumVisualStudioVersion = 15.0.26124.0
Project("{FAE04EC0-301F-11D3-BF4B-00C04F79EFBC}") = "ExpenseManagerUsers", "ExpenseManagerUsers\ExpenseManagerUsers.csproj", "{E7607AEF-9761-4C9A-9111-60D8B24EDFC2}"
EndProject
Project("{FAE04EC0-301F-11D3-BF4B-00C04F79EFBC}") = "ExpenseManagerTransactions", "ExpenseManagerTransactions\ExpenseManagerTransactions.csproj", "{B408B282-D8A4-423B-B098-5B79E9658430}"
EndProject
Project("{FAE04EC0-301F-11D3-BF4B-00C04F79EFBC}") = "UsersModels", "UsersModels\UsersModels.csproj", "{8ACE1B86-6E8D-467D-916E-A43164596AC8}"
EndProject
Project("{FAE04EC0-301F-11D3-BF4B-00C04F79EFBC}") = "TransactionsModels", "TransactionsModels\TransactionsModels.csproj", "{C533F396-8EBC-4D27-9136-6E1CD79EA8ED}"
EndProject
Global
	GlobalSection(SolutionConfigurationPlatforms) = preSolution
		Debug|Any CPU = Debug|Any CPU
		Debug|x64 = Debug|x64
		Debug|x86 = Debug|x86
		Release|Any CPU = Release|Any CPU
		Release|x64 = Release|x64
		Release|x86 = Release|x86
	EndGlobalSection
	GlobalSection(SolutionProperties) = preSolution
		HideSolutionNode = FALSE
	EndGlobalSection
	GlobalSection(ProjectConfigurationPlatforms) = postSolution
		{E7607AEF-9761-4C9A-9111-60D8B24EDFC2}.Debug|Any CPU.ActiveCfg = Debug|Any CPU
		{E7607AEF-9761-4C9A-9111-60D8B24EDFC2}.Debug|Any CPU.Build.0 = Debug|Any CPU
		{E7607AEF-9761-4C9A-9111-60D8B24EDFC2}.Debug|x64.ActiveCfg = Debug|Any CPU
		{E7607AEF-9761-4C9A-9111-60D8B24EDFC2}.Debug|x64.Build.0 = Debug|Any CPU
		{E7607AEF-9761-4C9A-9111-60D8B24EDFC2}.Debug|x86.ActiveCfg = Debug|Any CPU
		{E7607AEF-9761-4C9A-9111-60D8B24EDFC2}.Debug|x86.Build.0 = Debug|Any CPU
		{E7607AEF-9761-4C9A-9111-60D8B24EDFC2}.Release|Any CPU.ActiveCfg = Release|Any CPU
		{E7607AEF-9761-4C9A-9111-60D8B24EDFC2}.Release|Any CPU.Build.0 = Release|Any CPU
		{E7607AEF-9761-4C9A-9111-60D8B24EDFC2}.Release|x64.ActiveCfg = Release|Any CPU
		{E7607AEF-9761-4C9A-9111-60D8B24EDFC2}.Release|x64.Build.0 = Release|Any CPU
		{E7607AEF-9761-4C9A-9111-60D8B24EDFC2}.Release|x86.ActiveCfg = Release|Any CPU
		{E7607AEF-9761-4C9A-9111-60D8B24EDFC2}.Release|x86.Build.0 = Release|Any CPU
		{B408B282-D8A4-423B-B098-5B79E9658430}.Debug|Any CPU.ActiveCfg = Debug|Any CPU
		{B408B282-D8A4-423B-B098-5B79E9658430}.Debug|Any CPU.Build.0 = Debug|Any CPU
		{B408B282-D8A4-423B-B098-5B79E9658430}.Debug|x64.ActiveCfg = Debug|Any CPU
		{B408B282-D8A4-423B-B098-5B79E9658430}.Debug|x64.Build.0 = Debug|Any CPU
		{B408B282-D8A4-423B-B098-5B79E9658430}.Debug|x86.ActiveCfg = Debug|Any CPU
		{B408B282-D8A4-423B-B098-5B79E9658430}.Debug|x86.Build.0 = Debug|Any CPU
		{B408B282-D8A4-423B-B098-5B79E9658430}.Release|Any CPU.ActiveCfg = Release|Any CPU
		{B408B282-D8A4-423B-B098-5B79E9658430}.Release|Any CPU.Build.0 = Release|Any CPU
		{B408B282-D8A4-423B-B098-5B79E9658430}.Release|x64.ActiveCfg = Release|Any CPU
		{B408B282-D8A4-423B-B098-5B79E9658430}.Release|x64.Build.0 = Release|Any CPU
		{B408B282-D8A4-423B-B098-5B79E9658430}.Release|x86.ActiveCfg = Release|Any CPU
		{B408B282-D8A4-423B-B098-5B79E9658430}.Release|x86.Build.0 = Release|Any CPU
		{8ACE1B86-6E8D-467D-916E-A43164596AC8}.Debug|Any CPU.ActiveCfg = Debug|Any CPU
		{8ACE1B86-6E8D-467D-916E-A43164596AC8}.Debug|Any CPU.Build.0 = Debug|Any CPU
		{8ACE1B86-6E8D-467D-916E-A43164596AC8}.Debug|x64.ActiveCfg = Debug|Any CPU
		{8ACE1B86-6E8D-467D-916E-A43164596AC8}.Debug|x64.Build.0 = Debug|Any CPU
		{8ACE1B86-6E8D-467D-916E-A43164596AC8}.Debug|x86.ActiveCfg = Debug|Any CPU
		{8ACE1B86-6E8D-467D-916E-A43164596AC8}.Debug|x86.Build.0 = Debug|Any CPU
		{8ACE1B86-6E8D-467D-916E-A43164596AC8}.Release|Any CPU.ActiveCfg = Release|Any CPU
		{8ACE1B86-6E8D-467D-916E-A43164596AC8}.Release|Any CPU.Build.0 = Release|Any CPU
		{8ACE1B86-6E8D-467D-916E-A43164596AC8}.Release|x64.ActiveCfg = Release|Any CPU
		{8ACE1B86-6E8D-467D-916E-A43164596AC8}.Release|x64.Build.0 = Release|Any CPU
		{8ACE1B86-6E8D-467D-916E-A43164596AC8}.Release|x86.ActiveCfg = Release|Any CPU
		{8ACE1B86-6E8D-467D-916E-A43164596AC8}.Release|x86.Build.0 = Release|Any CPU
		{C533F396-8EBC-4D27-9136-6E1CD79EA8ED}.Debug|Any CPU.ActiveCfg = Debug|Any CPU
		{C533F396-8EBC-4D27-9136-6E1CD79EA8ED}.Debug|Any CPU.Build.0 = Debug|Any CPU
		{C533F396-8EBC-4D27-9136-6E1CD79EA8ED}.Debug|x64.ActiveCfg = Debug|Any CPU
		{C533F396-8EBC-4D27-9136-6E1CD79EA8ED}.Debug|x64.Build.0 = Debug|Any CPU
		{C533F396-8EBC-4D27-9136-6E1CD79EA8ED}.Debug|x86.ActiveCfg = Debug|Any CPU
		{C533F396-8EBC-4D27-9136-6E1CD79EA8ED}.Debug|x86.Build.0 = Debug|Any CPU
		{C533F396-8EBC-4D27-9136-6E1CD79EA8ED}.Release|Any CPU.ActiveCfg = Release|Any CPU
		{C533F396-8EBC-4D27-9136-6E1CD79EA8ED}.Release|Any CPU.Build.0 = Release|Any CPU
		{C533F396-8EBC-4D27-9136-6E1CD79EA8ED}.Release|x64.ActiveCfg = Release|Any CPU
		{C533F396-8EBC-4D27-9136-6E1CD79EA8ED}.Release|x64.Build.0 = Release|Any CPU
		{C533F396-8EBC-4D27-9136-6E1CD79EA8ED}.Release|x86.ActiveCfg = Release|Any CPU
		{C533F396-8EBC-4D27-9136-6E1CD79EA8ED}.Release|x86.Build.0 = Release|Any CPU
	EndGlobalSection
EndGlobal
